
Microsoft Visual Studio Solution File, Format Version 12.00
# Visual Studio Version 17
VisualStudioVersion = 17.9.34407.89
MinimumVisualStudioVersion = 10.0.40219.1
Project("{9A19103F-16F7-4668-BE54-9A1E7A4F7556}") = "Gml.WebApi", "src\Gml.WebApi\Gml.WebApi.csproj", "{58DD61F0-C4D8-4506-A643-3FFE2CC5B112}"
EndProject
Project("{2150E333-8FDC-42A3-9474-1A3956D46DE8}") = "src", "src", "{173407F0-6602-48A5-BF49-E288C6043FE3}"
EndProject
Project("{2150E333-8FDC-42A3-9474-1A3956D46DE8}") = "tests", "tests", "{AA158165-09EE-4338-9FC8-9F172E47F62D}"
EndProject
Project("{2150E333-8FDC-42A3-9474-1A3956D46DE8}") = "common", "common", "{A2E6D9BD-8CCB-48FC-91B9-D935ED9188D5}"
	ProjectSection(SolutionItems) = preProject
		.editorconfig = .editorconfig
		.env = .env
		.gitignore = .gitignore
		docker-compose.yml = docker-compose.yml
		README.md = README.md
	EndProjectSection
EndProject
Project("{9A19103F-16F7-4668-BE54-9A1E7A4F7556}") = "GmlCore", "src\gml-core\src\GmlCore\GmlCore.csproj", "{9F0244C3-F499-4572-964D-ED30F0E4AC03}"
EndProject
Project("{9A19103F-16F7-4668-BE54-9A1E7A4F7556}") = "GmlCore.Interfaces", "src\gml-core\src\GmlCore.Interfaces\GmlCore.Interfaces.csproj", "{5DC19A4D-EE11-4F49-A1EB-B833E7212655}"
EndProject
Project("{9A19103F-16F7-4668-BE54-9A1E7A4F7556}") = "CmlLib.Core.Installer.Forge", "src\gml-core\src\CmlLib.Core.Installer.Forge\CmlLib.Core.Installer.Forge\CmlLib.Core.Installer.Forge.csproj", "{0B17CE15-825E-419F-B207-036FCFF8D30D}"
EndProject
Project("{9A19103F-16F7-4668-BE54-9A1E7A4F7556}") = "Gml.WebApi.Models", "src\Gml.WebApi.Models\Gml.WebApi.Models.csproj", "{4921D185-BE14-41B0-8327-F82F036A7A61}"
EndProject
Project("{9A19103F-16F7-4668-BE54-9A1E7A4F7556}") = "Gml.Common", "src\Gml.Common\Gml.Common\Gml.Common.csproj", "{410B82AA-FFF6-4CC6-9E30-BB2D79638EAB}"
EndProject
Project("{9A19103F-16F7-4668-BE54-9A1E7A4F7556}") = "CmlLib", "src\CmlLib.Core\CmlLib\CmlLib.csproj", "{57F38D02-0B98-445D-AAC5-71147EF38F41}"
EndProject
Project("{9A19103F-16F7-4668-BE54-9A1E7A4F7556}") = "Gml.WebApi.Tests", "tests\Gml.WebApi.Tests\Gml.WebApi.Tests.csproj", "{C5AEBEE5-A317-4573-9159-5D39662349CB}"
EndProject
Project("{9A19103F-16F7-4668-BE54-9A1E7A4F7556}") = "Gml.Web.Client", "src\Gml.Web.Client\Gml.Web.Client.csproj", "{404DD124-81DE-47B3-8184-E6ACBC387895}"
EndProject
Global
	GlobalSection(SolutionConfigurationPlatforms) = preSolution
		Debug|Any CPU = Debug|Any CPU
		Release|Any CPU = Release|Any CPU
	EndGlobalSection
	GlobalSection(ProjectConfigurationPlatforms) = postSolution
		{58DD61F0-C4D8-4506-A643-3FFE2CC5B112}.Debug|Any CPU.ActiveCfg = Debug|Any CPU
		{58DD61F0-C4D8-4506-A643-3FFE2CC5B112}.Debug|Any CPU.Build.0 = Debug|Any CPU
		{58DD61F0-C4D8-4506-A643-3FFE2CC5B112}.Release|Any CPU.ActiveCfg = Release|Any CPU
		{58DD61F0-C4D8-4506-A643-3FFE2CC5B112}.Release|Any CPU.Build.0 = Release|Any CPU
		{9F0244C3-F499-4572-964D-ED30F0E4AC03}.Debug|Any CPU.ActiveCfg = Debug|Any CPU
		{9F0244C3-F499-4572-964D-ED30F0E4AC03}.Debug|Any CPU.Build.0 = Debug|Any CPU
		{9F0244C3-F499-4572-964D-ED30F0E4AC03}.Release|Any CPU.ActiveCfg = Release|Any CPU
		{9F0244C3-F499-4572-964D-ED30F0E4AC03}.Release|Any CPU.Build.0 = Release|Any CPU
		{5DC19A4D-EE11-4F49-A1EB-B833E7212655}.Debug|Any CPU.ActiveCfg = Debug|Any CPU
		{5DC19A4D-EE11-4F49-A1EB-B833E7212655}.Debug|Any CPU.Build.0 = Debug|Any CPU
		{5DC19A4D-EE11-4F49-A1EB-B833E7212655}.Release|Any CPU.ActiveCfg = Release|Any CPU
		{5DC19A4D-EE11-4F49-A1EB-B833E7212655}.Release|Any CPU.Build.0 = Release|Any CPU
		{0B17CE15-825E-419F-B207-036FCFF8D30D}.Debug|Any CPU.ActiveCfg = Debug|Any CPU
		{0B17CE15-825E-419F-B207-036FCFF8D30D}.Debug|Any CPU.Build.0 = Debug|Any CPU
		{0B17CE15-825E-419F-B207-036FCFF8D30D}.Release|Any CPU.ActiveCfg = Release|Any CPU
		{0B17CE15-825E-419F-B207-036FCFF8D30D}.Release|Any CPU.Build.0 = Release|Any CPU
		{4921D185-BE14-41B0-8327-F82F036A7A61}.Debug|Any CPU.ActiveCfg = Debug|Any CPU
		{4921D185-BE14-41B0-8327-F82F036A7A61}.Debug|Any CPU.Build.0 = Debug|Any CPU
		{4921D185-BE14-41B0-8327-F82F036A7A61}.Release|Any CPU.ActiveCfg = Release|Any CPU
		{4921D185-BE14-41B0-8327-F82F036A7A61}.Release|Any CPU.Build.0 = Release|Any CPU
		{410B82AA-FFF6-4CC6-9E30-BB2D79638EAB}.Debug|Any CPU.ActiveCfg = Debug|Any CPU
		{410B82AA-FFF6-4CC6-9E30-BB2D79638EAB}.Debug|Any CPU.Build.0 = Debug|Any CPU
		{410B82AA-FFF6-4CC6-9E30-BB2D79638EAB}.Release|Any CPU.ActiveCfg = Release|Any CPU
		{410B82AA-FFF6-4CC6-9E30-BB2D79638EAB}.Release|Any CPU.Build.0 = Release|Any CPU
		{57F38D02-0B98-445D-AAC5-71147EF38F41}.Debug|Any CPU.ActiveCfg = Debug|Any CPU
		{57F38D02-0B98-445D-AAC5-71147EF38F41}.Debug|Any CPU.Build.0 = Debug|Any CPU
		{57F38D02-0B98-445D-AAC5-71147EF38F41}.Release|Any CPU.ActiveCfg = Release|Any CPU
		{57F38D02-0B98-445D-AAC5-71147EF38F41}.Release|Any CPU.Build.0 = Release|Any CPU
		{C5AEBEE5-A317-4573-9159-5D39662349CB}.Debug|Any CPU.ActiveCfg = Debug|Any CPU
		{C5AEBEE5-A317-4573-9159-5D39662349CB}.Debug|Any CPU.Build.0 = Debug|Any CPU
		{C5AEBEE5-A317-4573-9159-5D39662349CB}.Release|Any CPU.ActiveCfg = Release|Any CPU
		{C5AEBEE5-A317-4573-9159-5D39662349CB}.Release|Any CPU.Build.0 = Release|Any CPU
		{404DD124-81DE-47B3-8184-E6ACBC387895}.Debug|Any CPU.ActiveCfg = Debug|Any CPU
		{404DD124-81DE-47B3-8184-E6ACBC387895}.Debug|Any CPU.Build.0 = Debug|Any CPU
		{404DD124-81DE-47B3-8184-E6ACBC387895}.Release|Any CPU.ActiveCfg = Release|Any CPU
		{404DD124-81DE-47B3-8184-E6ACBC387895}.Release|Any CPU.Build.0 = Release|Any CPU
	EndGlobalSection
	GlobalSection(SolutionProperties) = preSolution
		HideSolutionNode = FALSE
	EndGlobalSection
	GlobalSection(NestedProjects) = preSolution
		{58DD61F0-C4D8-4506-A643-3FFE2CC5B112} = {173407F0-6602-48A5-BF49-E288C6043FE3}
		{9F0244C3-F499-4572-964D-ED30F0E4AC03} = {173407F0-6602-48A5-BF49-E288C6043FE3}
		{5DC19A4D-EE11-4F49-A1EB-B833E7212655} = {173407F0-6602-48A5-BF49-E288C6043FE3}
		{0B17CE15-825E-419F-B207-036FCFF8D30D} = {173407F0-6602-48A5-BF49-E288C6043FE3}
		{4921D185-BE14-41B0-8327-F82F036A7A61} = {173407F0-6602-48A5-BF49-E288C6043FE3}
		{410B82AA-FFF6-4CC6-9E30-BB2D79638EAB} = {173407F0-6602-48A5-BF49-E288C6043FE3}
		{57F38D02-0B98-445D-AAC5-71147EF38F41} = {173407F0-6602-48A5-BF49-E288C6043FE3}
		{C5AEBEE5-A317-4573-9159-5D39662349CB} = {AA158165-09EE-4338-9FC8-9F172E47F62D}
		{404DD124-81DE-47B3-8184-E6ACBC387895} = {173407F0-6602-48A5-BF49-E288C6043FE3}
	EndGlobalSection
EndGlobal
