
Microsoft Visual Studio Solution File, Format Version 12.00
# Visual Studio Version 17
VisualStudioVersion = 17.9.34407.89
MinimumVisualStudioVersion = 10.0.40219.1
Project("{2150E333-8FDC-42A3-9474-1A3956D46DE8}") = "src", "src", "{173407F0-6602-48A5-BF49-E288C6043FE3}"
EndProject
Project("{2150E333-8FDC-42A3-9474-1A3956D46DE8}") = "tests", "tests", "{AA158165-09EE-4338-9FC8-9F172E47F62D}"
EndProject
Project("{2150E333-8FDC-42A3-9474-1A3956D46DE8}") = "common", "common", "{A2E6D9BD-8CCB-48FC-91B9-D935ED9188D5}"
	ProjectSection(SolutionItems) = preProject
		src\Gml.Web.Api\.github\workflows\docker-package-publish.yml = src\Gml.Web.Api\.github\workflows\docker-package-publish.yml
	EndProjectSection
EndProject
Project("{FAE04EC0-301F-11D3-BF4B-00C04F79EFBC}") = "Gml.Web.Api", "src\Gml.Web.Api\src\Gml.Web.Api\Gml.Web.Api.csproj", "{B5994A47-B872-4E12-9A3B-26B60A711CFF}"
EndProject
Project("{2150E333-8FDC-42A3-9474-1A3956D46DE8}") = "frontend", "frontend", "{56218D6F-5687-41CF-9D34-B76E0D1FB33B}"
	ProjectSection(SolutionItems) = preProject
		src\Gml.Web.Client\Dockerfile = src\Gml.Web.Client\Dockerfile
		src\Gml.Web.Client\.gitignore = src\Gml.Web.Client\.gitignore
		src\Gml.Web.Client\.env = src\Gml.Web.Client\.env
		src\Gml.Web.Client\.env.example = src\Gml.Web.Client\.env.example
		src\Gml.Web.Client\package.json = src\Gml.Web.Client\package.json
	EndProjectSection
EndProject
Project("{2150E333-8FDC-42A3-9474-1A3956D46DE8}") = "backend", "backend", "{C8F55A92-E612-4AAE-9586-8E33D170A266}"
	ProjectSection(SolutionItems) = preProject
		.editorconfig = .editorconfig
		.gitignore = .gitignore
		docker-compose.yml = docker-compose.yml
		README.md = README.md
		.env = .env
		.env.example = .env.example
		docker-compose-prod.yml = docker-compose-prod.yml
		src\Gml.Web.Api\.github\workflows\docker-package-publish.yml = src\Gml.Web.Api\.github\workflows\docker-package-publish.yml
		Dockerfile = Dockerfile
		src\Gml.Web.Api\.gitignore = src\Gml.Web.Api\.gitignore
		docker-compose-external-debug.yml = docker-compose-external-debug.yml
		NuGet.config = NuGet.config
		src\Gml.Web.Api\Dockerfile = src\Gml.Web.Api\Dockerfile
	EndProjectSection
EndProject
Project("{FAE04EC0-301F-11D3-BF4B-00C04F79EFBC}") = "Gml.Web.Skin.Service", "src\Gml.Web.Skin.Service\src\Gml.Web.Skin.Service\Gml.Web.Skin.Service.csproj", "{0ABC8234-6062-4EEE-81E4-D8051C14C4E6}"
EndProject
Project("{2150E333-8FDC-42A3-9474-1A3956D46DE8}") = "plugins", "plugins", "{D88B8B9C-307C-4A15-BCED-6AF8CD79B688}"
EndProject
Project("{2150E333-8FDC-42A3-9474-1A3956D46DE8}") = "free", "free", "{14CCAE0C-9728-4937-B902-4DC2C0B0BF69}"
EndProject
Project("{2150E333-8FDC-42A3-9474-1A3956D46DE8}") = "commercial", "commercial", "{3A539442-8520-4AC1-9AF6-26FC960C2E9C}"
EndProject
Project("{FAE04EC0-301F-11D3-BF4B-00C04F79EFBC}") = "Gml.WebApi.Tests", "src\Gml.Web.Api\tests\Gml.WebApi.Tests\Gml.WebApi.Tests.csproj", "{D407DF32-DAF1-4F30-9786-AD8C967C2162}"
EndProject
Project("{FAE04EC0-301F-11D3-BF4B-00C04F79EFBC}") = "Gml.Backend.Tests", "tests\Gml.Backend.Tests\Gml.Backend.Tests.csproj", "{13D5F0F1-77B7-4415-BE69-2C1109E96348}"
EndProject
Project("{2150E333-8FDC-42A3-9474-1A3956D46DE8}") = "libs", "libs", "{079E0363-DE4D-43DD-86BB-99D921E6D2EE}"
EndProject
Project("{2150E333-8FDC-42A3-9474-1A3956D46DE8}") = "Gml.Core", "Gml.Core", "{065BF79A-E3D4-48E2-9675-02C1A3974182}"
EndProject
Project("{2150E333-8FDC-42A3-9474-1A3956D46DE8}") = "modrinth", "modrinth", "{71792E05-B97A-4861-87D4-2B176A004FA3}"
	ProjectSection(SolutionItems) = preProject
		src\Gml.Web.Api\src\Gml.Core\src\Modrinth.Api\README.md = src\Gml.Web.Api\src\Gml.Core\src\Modrinth.Api\README.md
	EndProjectSection
EndProject
Project("{FAE04EC0-301F-11D3-BF4B-00C04F79EFBC}") = "Gml.Web.Api.Plugins.Template", "src\Gml.Web.Api\src\plugins\Gml.Web.Api.Plugins.Template\Gml.Web.Api.Plugins.Template.csproj", "{E4E57BD8-E9B3-45B1-94C5-C0E49B57229C}"
EndProject
Project("{FAE04EC0-301F-11D3-BF4B-00C04F79EFBC}") = "Gml.Web.Api.EndpointSDK", "src\Gml.Web.Api\src\plugins\Gml.Web.Api.EndpointSDK\Gml.Web.Api.EndpointSDK.csproj", "{3F58FC4F-5ED3-4B63-8657-B2DB76711F0F}"
EndProject
Project("{FAE04EC0-301F-11D3-BF4B-00C04F79EFBC}") = "Gml.Web.Proxy", "src\Gml.Web.Proxy\src\Gml.Web.Proxy\Gml.Web.Proxy.csproj", "{9A414B25-CCB8-4E2D-BEBA-B57C82266950}"
EndProject
Project("{2150E333-8FDC-42A3-9474-1A3956D46DE8}") = "servers", "servers", "{BD9C6DD8-C558-43D5-9960-8B7DD7979FF2}"
	ProjectSection(SolutionItems) = preProject
		servers\docker-compose-prod.yml = servers\docker-compose-prod.yml
	EndProjectSection
EndProject
Global
	GlobalSection(SolutionConfigurationPlatforms) = preSolution
		Debug|Any CPU = Debug|Any CPU
		Release|Any CPU = Release|Any CPU
	EndGlobalSection
	GlobalSection(ProjectConfigurationPlatforms) = postSolution
		{B5994A47-B872-4E12-9A3B-26B60A711CFF}.Debug|Any CPU.ActiveCfg = Debug|Any CPU
		{B5994A47-B872-4E12-9A3B-26B60A711CFF}.Debug|Any CPU.Build.0 = Debug|Any CPU
		{B5994A47-B872-4E12-9A3B-26B60A711CFF}.Release|Any CPU.ActiveCfg = Release|Any CPU
		{B5994A47-B872-4E12-9A3B-26B60A711CFF}.Release|Any CPU.Build.0 = Release|Any CPU
		{0ABC8234-6062-4EEE-81E4-D8051C14C4E6}.Debug|Any CPU.ActiveCfg = Debug|Any CPU
		{0ABC8234-6062-4EEE-81E4-D8051C14C4E6}.Debug|Any CPU.Build.0 = Debug|Any CPU
		{0ABC8234-6062-4EEE-81E4-D8051C14C4E6}.Release|Any CPU.ActiveCfg = Release|Any CPU
		{0ABC8234-6062-4EEE-81E4-D8051C14C4E6}.Release|Any CPU.Build.0 = Release|Any CPU
		{D407DF32-DAF1-4F30-9786-AD8C967C2162}.Debug|Any CPU.ActiveCfg = Debug|Any CPU
		{D407DF32-DAF1-4F30-9786-AD8C967C2162}.Debug|Any CPU.Build.0 = Debug|Any CPU
		{D407DF32-DAF1-4F30-9786-AD8C967C2162}.Release|Any CPU.ActiveCfg = Release|Any CPU
		{D407DF32-DAF1-4F30-9786-AD8C967C2162}.Release|Any CPU.Build.0 = Release|Any CPU
		{13D5F0F1-77B7-4415-BE69-2C1109E96348}.Debug|Any CPU.ActiveCfg = Debug|Any CPU
		{13D5F0F1-77B7-4415-BE69-2C1109E96348}.Debug|Any CPU.Build.0 = Debug|Any CPU
		{13D5F0F1-77B7-4415-BE69-2C1109E96348}.Release|Any CPU.ActiveCfg = Release|Any CPU
		{13D5F0F1-77B7-4415-BE69-2C1109E96348}.Release|Any CPU.Build.0 = Release|Any CPU
		{E4E57BD8-E9B3-45B1-94C5-C0E49B57229C}.Debug|Any CPU.ActiveCfg = Debug|Any CPU
		{E4E57BD8-E9B3-45B1-94C5-C0E49B57229C}.Debug|Any CPU.Build.0 = Debug|Any CPU
		{E4E57BD8-E9B3-45B1-94C5-C0E49B57229C}.Release|Any CPU.ActiveCfg = Release|Any CPU
		{E4E57BD8-E9B3-45B1-94C5-C0E49B57229C}.Release|Any CPU.Build.0 = Release|Any CPU
		{3F58FC4F-5ED3-4B63-8657-B2DB76711F0F}.Debug|Any CPU.ActiveCfg = Debug|Any CPU
		{3F58FC4F-5ED3-4B63-8657-B2DB76711F0F}.Debug|Any CPU.Build.0 = Debug|Any CPU
		{3F58FC4F-5ED3-4B63-8657-B2DB76711F0F}.Release|Any CPU.ActiveCfg = Release|Any CPU
		{3F58FC4F-5ED3-4B63-8657-B2DB76711F0F}.Release|Any CPU.Build.0 = Release|Any CPU
		{9A414B25-CCB8-4E2D-BEBA-B57C82266950}.Debug|Any CPU.ActiveCfg = Debug|Any CPU
		{9A414B25-CCB8-4E2D-BEBA-B57C82266950}.Debug|Any CPU.Build.0 = Debug|Any CPU
		{9A414B25-CCB8-4E2D-BEBA-B57C82266950}.Release|Any CPU.ActiveCfg = Release|Any CPU
		{9A414B25-CCB8-4E2D-BEBA-B57C82266950}.Release|Any CPU.Build.0 = Release|Any CPU
	EndGlobalSection
	GlobalSection(SolutionProperties) = preSolution
		HideSolutionNode = FALSE
	EndGlobalSection
	GlobalSection(NestedProjects) = preSolution
		{B5994A47-B872-4E12-9A3B-26B60A711CFF} = {173407F0-6602-48A5-BF49-E288C6043FE3}
		{56218D6F-5687-41CF-9D34-B76E0D1FB33B} = {A2E6D9BD-8CCB-48FC-91B9-D935ED9188D5}
		{C8F55A92-E612-4AAE-9586-8E33D170A266} = {A2E6D9BD-8CCB-48FC-91B9-D935ED9188D5}
		{14CCAE0C-9728-4937-B902-4DC2C0B0BF69} = {D88B8B9C-307C-4A15-BCED-6AF8CD79B688}
		{3A539442-8520-4AC1-9AF6-26FC960C2E9C} = {D88B8B9C-307C-4A15-BCED-6AF8CD79B688}
		{D407DF32-DAF1-4F30-9786-AD8C967C2162} = {AA158165-09EE-4338-9FC8-9F172E47F62D}
		{13D5F0F1-77B7-4415-BE69-2C1109E96348} = {AA158165-09EE-4338-9FC8-9F172E47F62D}
		{079E0363-DE4D-43DD-86BB-99D921E6D2EE} = {C8F55A92-E612-4AAE-9586-8E33D170A266}
		{065BF79A-E3D4-48E2-9675-02C1A3974182} = {079E0363-DE4D-43DD-86BB-99D921E6D2EE}
		{71792E05-B97A-4861-87D4-2B176A004FA3} = {079E0363-DE4D-43DD-86BB-99D921E6D2EE}
		{E4E57BD8-E9B3-45B1-94C5-C0E49B57229C} = {14CCAE0C-9728-4937-B902-4DC2C0B0BF69}
		{3F58FC4F-5ED3-4B63-8657-B2DB76711F0F} = {D88B8B9C-307C-4A15-BCED-6AF8CD79B688}
		{9A414B25-CCB8-4E2D-BEBA-B57C82266950} = {173407F0-6602-48A5-BF49-E288C6043FE3}
		{0ABC8234-6062-4EEE-81E4-D8051C14C4E6} = {173407F0-6602-48A5-BF49-E288C6043FE3}
		{BD9C6DD8-C558-43D5-9960-8B7DD7979FF2} = {C8F55A92-E612-4AAE-9586-8E33D170A266}
	EndGlobalSection
EndGlobal
