
Microsoft Visual Studio Solution File, Format Version 12.00
# Visual Studio Version 17
VisualStudioVersion = 17.7.33920.267
MinimumVisualStudioVersion = 10.0.40219.1
Project("{FAE04EC0-301F-11D3-BF4B-00C04F79EFBC}") = "Gml.Web.Skin.Service", "Gml.Web.Skin.Service\Gml.Web.Skin.Service.csproj", "{7131B427-E261-4544-90C1-E5B174944721}"
EndProject
Global
	GlobalSection(SolutionConfigurationPlatforms) = preSolution
		Debug|Any CPU = Debug|Any CPU
		Release|Any CPU = Release|Any CPU
	EndGlobalSection
	GlobalSection(ProjectConfigurationPlatforms) = postSolution
		{7131B427-E261-4544-90C1-E5B174944721}.Debug|Any CPU.ActiveCfg = Debug|Any CPU
		{7131B427-E261-4544-90C1-E5B174944721}.Debug|Any CPU.Build.0 = Debug|Any CPU
		{7131B427-E261-4544-90C1-E5B174944721}.Release|Any CPU.ActiveCfg = Release|Any CPU
		{7131B427-E261-4544-90C1-E5B174944721}.Release|Any CPU.Build.0 = Release|Any CPU
	EndGlobalSection
	GlobalSection(SolutionProperties) = preSolution
		HideSolutionNode = FALSE
	EndGlobalSection
	GlobalSection(ExtensibilityGlobals) = postSolution
		SolutionGuid = {1A77CFAB-84C9-4D46-A26D-1684AF8EE58F}
	EndGlobalSection
EndGlobal
